
Microsoft Visual Studio Solution File, Format Version 12.00
# Visual Studio Version 17
VisualStudioVersion = 17.2.32616.157
MinimumVisualStudioVersion = 10.0.40219.1
Project("{FAE04EC0-301F-11D3-BF4B-00C04F79EFBC}") = "SoloProjectPartA", "SoloProjectPartA\SoloProjectPartA.csproj", "{3B201AC0-7F75-4C53-837E-4E41E300023D}"
EndProject
Global
	GlobalSection(SolutionConfigurationPlatforms) = preSolution
		Debug|Any CPU = Debug|Any CPU
		Release|Any CPU = Release|Any CPU
	EndGlobalSection
	GlobalSection(ProjectConfigurationPlatforms) = postSolution
		{3B201AC0-7F75-4C53-837E-4E41E300023D}.Debug|Any CPU.ActiveCfg = Debug|Any CPU
		{3B201AC0-7F75-4C53-837E-4E41E300023D}.Debug|Any CPU.Build.0 = Debug|Any CPU
		{3B201AC0-7F75-4C53-837E-4E41E300023D}.Release|Any CPU.ActiveCfg = Release|Any CPU
		{3B201AC0-7F75-4C53-837E-4E41E300023D}.Release|Any CPU.Build.0 = Release|Any CPU
	EndGlobalSection
	GlobalSection(SolutionProperties) = preSolution
		HideSolutionNode = FALSE
	EndGlobalSection
	GlobalSection(ExtensibilityGlobals) = postSolution
		SolutionGuid = {ED786524-CD87-46BC-8DB6-FFD948DECE2F}
	EndGlobalSection
EndGlobal
